
Microsoft Visual Studio Solution File, Format Version 12.00
# Visual Studio Version 17
VisualStudioVersion = 17.5.002.0
MinimumVisualStudioVersion = 10.0.40219.1
Project("{9A19103F-16F7-4668-BE54-9A1E7A4F7556}") = "Asp.net-Nginx-Docker", "Asp.net-Nginx-Docker.csproj", "{50170EDB-A368-4510-82D7-DBAEEEBD16AD}"
EndProject
Global
	GlobalSection(SolutionConfigurationPlatforms) = preSolution
		Debug|Any CPU = Debug|Any CPU
		Release|Any CPU = Release|Any CPU
	EndGlobalSection
	GlobalSection(ProjectConfigurationPlatforms) = postSolution
		{50170EDB-A368-4510-82D7-DBAEEEBD16AD}.Debug|Any CPU.ActiveCfg = Debug|Any CPU
		{50170EDB-A368-4510-82D7-DBAEEEBD16AD}.Debug|Any CPU.Build.0 = Debug|Any CPU
		{50170EDB-A368-4510-82D7-DBAEEEBD16AD}.Release|Any CPU.ActiveCfg = Release|Any CPU
		{50170EDB-A368-4510-82D7-DBAEEEBD16AD}.Release|Any CPU.Build.0 = Release|Any CPU
	EndGlobalSection
	GlobalSection(SolutionProperties) = preSolution
		HideSolutionNode = FALSE
	EndGlobalSection
	GlobalSection(ExtensibilityGlobals) = postSolution
		SolutionGuid = {3C8B1DC2-1EA5-446A-8CBF-0BBBDF306157}
	EndGlobalSection
EndGlobal
